
Microsoft Visual Studio Solution File, Format Version 12.00
# Visual Studio Version 17
VisualStudioVersion = 17.9.34728.123
MinimumVisualStudioVersion = 10.0.40219.1
Project("{FAE04EC0-301F-11D3-BF4B-00C04F79EFBC}") = "Rectangles", "Rectangles\Rectangles.csproj", "{0DF0D6BC-3462-4387-B321-EEFA569491A5}"
EndProject
Global
	GlobalSection(SolutionConfigurationPlatforms) = preSolution
		Debug|Any CPU = Debug|Any CPU
		Release|Any CPU = Release|Any CPU
	EndGlobalSection
	GlobalSection(ProjectConfigurationPlatforms) = postSolution
		{0DF0D6BC-3462-4387-B321-EEFA569491A5}.Debug|Any CPU.ActiveCfg = Debug|Any CPU
		{0DF0D6BC-3462-4387-B321-EEFA569491A5}.Debug|Any CPU.Build.0 = Debug|Any CPU
		{0DF0D6BC-3462-4387-B321-EEFA569491A5}.Release|Any CPU.ActiveCfg = Release|Any CPU
		{0DF0D6BC-3462-4387-B321-EEFA569491A5}.Release|Any CPU.Build.0 = Release|Any CPU
	EndGlobalSection
	GlobalSection(SolutionProperties) = preSolution
		HideSolutionNode = FALSE
	EndGlobalSection
	GlobalSection(ExtensibilityGlobals) = postSolution
		SolutionGuid = {9A583784-8AAE-4840-BC55-A413E76E6AC8}
	EndGlobalSection
EndGlobal
